// !$*UTF8*$!
{
	archiveVersion = 1;
	classes = {
	};
	objectVersion = 56;
	objects = {

/* Begin PBXBuildFile section */
		AC9F115A29CF5021000B26CD /* AppDelegate.swift in Sources */ = {isa = PBXBuildFile; fileRef = AC9F115929CF5021000B26CD /* AppDelegate.swift */; };
		AC9F115C29CF5021000B26CD /* SceneDelegate.swift in Sources */ = {isa = PBXBuildFile; fileRef = AC9F115B29CF5021000B26CD /* SceneDelegate.swift */; };
		AC9F115E29CF5021000B26CD /* ReminderListViewController.swift in Sources */ = {isa = PBXBuildFile; fileRef = AC9F115D29CF5021000B26CD /* ReminderListViewController.swift */; };
		AC9F116129CF5021000B26CD /* Main.storyboard in Resources */ = {isa = PBXBuildFile; fileRef = AC9F115F29CF5021000B26CD /* Main.storyboard */; };
		AC9F116329CF5023000B26CD /* Assets.xcassets in Resources */ = {isa = PBXBuildFile; fileRef = AC9F116229CF5023000B26CD /* Assets.xcassets */; };
		AC9F116629CF5023000B26CD /* LaunchScreen.storyboard in Resources */ = {isa = PBXBuildFile; fileRef = AC9F116429CF5023000B26CD /* LaunchScreen.storyboard */; };
		AC9F116F29CF51AE000B26CD /* Reminder.swift in Sources */ = {isa = PBXBuildFile; fileRef = AC9F116E29CF51AE000B26CD /* Reminder.swift */; };
		ACA40C5829D330C1006B36A1 /* ReminderListViewController+DataSource.swift in Sources */ = {isa = PBXBuildFile; fileRef = ACA40C5729D330C1006B36A1 /* ReminderListViewController+DataSource.swift */; };
		ACE1850F29D1D2C800CF76B9 /* UIColor+Today.swift in Sources */ = {isa = PBXBuildFile; fileRef = ACE1850E29D1D2C800CF76B9 /* UIColor+Today.swift */; };
		ACE1851129D1D31900CF76B9 /* Date+Today.swift in Sources */ = {isa = PBXBuildFile; fileRef = ACE1851029D1D31900CF76B9 /* Date+Today.swift */; };
/* End PBXBuildFile section */

/* Begin PBXFileReference section */
		AC9F115629CF5021000B26CD /* Today.app */ = {isa = PBXFileReference; explicitFileType = wrapper.application; includeInIndex = 0; path = Today.app; sourceTree = BUILT_PRODUCTS_DIR; };
		AC9F115929CF5021000B26CD /* AppDelegate.swift */ = {isa = PBXFileReference; lastKnownFileType = sourcecode.swift; path = AppDelegate.swift; sourceTree = "<group>"; };
		AC9F115B29CF5021000B26CD /* SceneDelegate.swift */ = {isa = PBXFileReference; lastKnownFileType = sourcecode.swift; path = SceneDelegate.swift; sourceTree = "<group>"; };
		AC9F115D29CF5021000B26CD /* ReminderListViewController.swift */ = {isa = PBXFileReference; lastKnownFileType = sourcecode.swift; path = ReminderListViewController.swift; sourceTree = "<group>"; };
		AC9F116029CF5021000B26CD /* Base */ = {isa = PBXFileReference; lastKnownFileType = file.storyboard; name = Base; path = Base.lproj/Main.storyboard; sourceTree = "<group>"; };
		AC9F116229CF5023000B26CD /* Assets.xcassets */ = {isa = PBXFileReference; lastKnownFileType = folder.assetcatalog; path = Assets.xcassets; sourceTree = "<group>"; };
		AC9F116529CF5023000B26CD /* Base */ = {isa = PBXFileReference; lastKnownFileType = file.storyboard; name = Base; path = Base.lproj/LaunchScreen.storyboard; sourceTree = "<group>"; };
		AC9F116729CF5023000B26CD /* Info.plist */ = {isa = PBXFileReference; lastKnownFileType = text.plist.xml; path = Info.plist; sourceTree = "<group>"; };
		AC9F116E29CF51AE000B26CD /* Reminder.swift */ = {isa = PBXFileReference; lastKnownFileType = sourcecode.swift; path = Reminder.swift; sourceTree = "<group>"; };
		ACA40C5729D330C1006B36A1 /* ReminderListViewController+DataSource.swift */ = {isa = PBXFileReference; lastKnownFileType = sourcecode.swift; path = "ReminderListViewController+DataSource.swift"; sourceTree = "<group>"; };
		ACE1850E29D1D2C800CF76B9 /* UIColor+Today.swift */ = {isa = PBXFileReference; fileEncoding = 4; lastKnownFileType = sourcecode.swift; path = "UIColor+Today.swift"; sourceTree = "<group>"; };
		ACE1851029D1D31900CF76B9 /* Date+Today.swift */ = {isa = PBXFileReference; lastKnownFileType = sourcecode.swift; path = "Date+Today.swift"; sourceTree = "<group>"; };
/* End PBXFileReference section */

/* Begin PBXFrameworksBuildPhase section */
		AC9F115329CF5021000B26CD /* Frameworks */ = {
			isa = PBXFrameworksBuildPhase;
			buildActionMask = 2147483647;
			files = (
			);
			runOnlyForDeploymentPostprocessing = 0;
		};
/* End PBXFrameworksBuildPhase section */

/* Begin PBXGroup section */
		AC9F114D29CF5021000B26CD = {
			isa = PBXGroup;
			children = (
				AC9F115829CF5021000B26CD /* Today */,
				AC9F115729CF5021000B26CD /* Products */,
			);
			sourceTree = "<group>";
		};
		AC9F115729CF5021000B26CD /* Products */ = {
			isa = PBXGroup;
			children = (
				AC9F115629CF5021000B26CD /* Today.app */,
			);
			name = Products;
			sourceTree = "<group>";
		};
		AC9F115829CF5021000B26CD /* Today */ = {
			isa = PBXGroup;
			children = (
				AC9F116D29CF5182000B26CD /* Models */,
				AC9F115929CF5021000B26CD /* AppDelegate.swift */,
				AC9F115B29CF5021000B26CD /* SceneDelegate.swift */,
				ACA40C5629D3309C006B36A1 /* ListViewController */,
				AC9F115F29CF5021000B26CD /* Main.storyboard */,
				AC9F116229CF5023000B26CD /* Assets.xcassets */,
				AC9F116429CF5023000B26CD /* LaunchScreen.storyboard */,
				AC9F116729CF5023000B26CD /* Info.plist */,
			);
			path = Today;
			sourceTree = "<group>";
		};
		AC9F116D29CF5182000B26CD /* Models */ = {
			isa = PBXGroup;
			children = (
				AC9F116E29CF51AE000B26CD /* Reminder.swift */,
				ACE1850E29D1D2C800CF76B9 /* UIColor+Today.swift */,
				ACE1851029D1D31900CF76B9 /* Date+Today.swift */,
			);
			path = Models;
			sourceTree = "<group>";
		};
		ACA40C5629D3309C006B36A1 /* ListViewController */ = {
			isa = PBXGroup;
			children = (
				AC9F115D29CF5021000B26CD /* ReminderListViewController.swift */,
				ACA40C5729D330C1006B36A1 /* ReminderListViewController+DataSource.swift */,
			);
			path = ListViewController;
			sourceTree = "<group>";
		};
/* End PBXGroup section */

/* Begin PBXNativeTarget section */
		AC9F115529CF5021000B26CD /* Today */ = {
			isa = PBXNativeTarget;
			buildConfigurationList = AC9F116A29CF5023000B26CD /* Build configuration list for PBXNativeTarget "Today" */;
			buildPhases = (
				AC9F115229CF5021000B26CD /* Sources */,
				AC9F115329CF5021000B26CD /* Frameworks */,
				AC9F115429CF5021000B26CD /* Resources */,
			);
			buildRules = (
			);
			dependencies = (
			);
			name = Today;
			productName = Today;
			productReference = AC9F115629CF5021000B26CD /* Today.app */;
			productType = "com.apple.product-type.application";
		};
/* End PBXNativeTarget section */

/* Begin PBXProject section */
		AC9F114E29CF5021000B26CD /* Project object */ = {
			isa = PBXProject;
			attributes = {
				BuildIndependentTargetsInParallel = 1;
				LastSwiftUpdateCheck = 1420;
				LastUpgradeCheck = 1420;
				TargetAttributes = {
					AC9F115529CF5021000B26CD = {
						CreatedOnToolsVersion = 14.2;
					};
				};
			};
			buildConfigurationList = AC9F115129CF5021000B26CD /* Build configuration list for PBXProject "Today" */;
			compatibilityVersion = "Xcode 14.0";
			developmentRegion = en;
			hasScannedForEncodings = 0;
			knownRegions = (
				en,
				Base,
			);
			mainGroup = AC9F114D29CF5021000B26CD;
			productRefGroup = AC9F115729CF5021000B26CD /* Products */;
			projectDirPath = "";
			projectRoot = "";
			targets = (
				AC9F115529CF5021000B26CD /* Today */,
			);
		};
/* End PBXProject section */

/* Begin PBXResourcesBuildPhase section */
		AC9F115429CF5021000B26CD /* Resources */ = {
			isa = PBXResourcesBuildPhase;
			buildActionMask = 2147483647;
			files = (
				AC9F116629CF5023000B26CD /* LaunchScreen.storyboard in Resources */,
				AC9F116329CF5023000B26CD /* Assets.xcassets in Resources */,
				AC9F116129CF5021000B26CD /* Main.storyboard in Resources */,
			);
			runOnlyForDeploymentPostprocessing = 0;
		};
/* End PBXResourcesBuildPhase section */

/* Begin PBXSourcesBuildPhase section */
		AC9F115229CF5021000B26CD /* Sources */ = {
			isa = PBXSourcesBuildPhase;
			buildActionMask = 2147483647;
			files = (
				AC9F115E29CF5021000B26CD /* ReminderListViewController.swift in Sources */,
				AC9F115A29CF5021000B26CD /* AppDelegate.swift in Sources */,
				ACE1850F29D1D2C800CF76B9 /* UIColor+Today.swift in Sources */,
				ACE1851129D1D31900CF76B9 /* Date+Today.swift in Sources */,
				ACA40C5829D330C1006B36A1 /* ReminderListViewController+DataSource.swift in Sources */,
				AC9F115C29CF5021000B26CD /* SceneDelegate.swift in Sources */,
				AC9F116F29CF51AE000B26CD /* Reminder.swift in Sources */,
			);
			runOnlyForDeploymentPostprocessing = 0;
		};
/* End PBXSourcesBuildPhase section */

/* Begin PBXVariantGroup section */
		AC9F115F29CF5021000B26CD /* Main.storyboard */ = {
			isa = PBXVariantGroup;
			children = (
				AC9F116029CF5021000B26CD /* Base */,
			);
			name = Main.storyboard;
			sourceTree = "<group>";
		};
		AC9F116429CF5023000B26CD /* LaunchScreen.storyboard */ = {
			isa = PBXVariantGroup;
			children = (
				AC9F116529CF5023000B26CD /* Base */,
			);
			name = LaunchScreen.storyboard;
			sourceTree = "<group>";
		};
/* End PBXVariantGroup section */

/* Begin XCBuildConfiguration section */
		AC9F116829CF5023000B26CD /* Debug */ = {
			isa = XCBuildConfiguration;
			buildSettings = {
				ALWAYS_SEARCH_USER_PATHS = NO;
				CLANG_ANALYZER_NONNULL = YES;
				CLANG_ANALYZER_NUMBER_OBJECT_CONVERSION = YES_AGGRESSIVE;
				CLANG_CXX_LANGUAGE_STANDARD = "gnu++20";
				CLANG_ENABLE_MODULES = YES;
				CLANG_ENABLE_OBJC_ARC = YES;
				CLANG_ENABLE_OBJC_WEAK = YES;
				CLANG_WARN_BLOCK_CAPTURE_AUTORELEASING = YES;
				CLANG_WARN_BOOL_CONVERSION = YES;
				CLANG_WARN_COMMA = YES;
				CLANG_WARN_CONSTANT_CONVERSION = YES;
				CLANG_WARN_DEPRECATED_OBJC_IMPLEMENTATIONS = YES;
				CLANG_WARN_DIRECT_OBJC_ISA_USAGE = YES_ERROR;
				CLANG_WARN_DOCUMENTATION_COMMENTS = YES;
				CLANG_WARN_EMPTY_BODY = YES;
				CLANG_WARN_ENUM_CONVERSION = YES;
				CLANG_WARN_INFINITE_RECURSION = YES;
				CLANG_WARN_INT_CONVERSION = YES;
				CLANG_WARN_NON_LITERAL_NULL_CONVERSION = YES;
				CLANG_WARN_OBJC_IMPLICIT_RETAIN_SELF = YES;
				CLANG_WARN_OBJC_LITERAL_CONVERSION = YES;
				CLANG_WARN_OBJC_ROOT_CLASS = YES_ERROR;
				CLANG_WARN_QUOTED_INCLUDE_IN_FRAMEWORK_HEADER = YES;
				CLANG_WARN_RANGE_LOOP_ANALYSIS = YES;
				CLANG_WARN_STRICT_PROTOTYPES = YES;
				CLANG_WARN_SUSPICIOUS_MOVE = YES;
				CLANG_WARN_UNGUARDED_AVAILABILITY = YES_AGGRESSIVE;
				CLANG_WARN_UNREACHABLE_CODE = YES;
				CLANG_WARN__DUPLICATE_METHOD_MATCH = YES;
				COPY_PHASE_STRIP = NO;
				DEBUG_INFORMATION_FORMAT = dwarf;
				ENABLE_STRICT_OBJC_MSGSEND = YES;
				ENABLE_TESTABILITY = YES;
				GCC_C_LANGUAGE_STANDARD = gnu11;
				GCC_DYNAMIC_NO_PIC = NO;
				GCC_NO_COMMON_BLOCKS = YES;
				GCC_OPTIMIZATION_LEVEL = 0;
				GCC_PREPROCESSOR_DEFINITIONS = (
					"DEBUG=1",
					"$(inherited)",
				);
				GCC_WARN_64_TO_32_BIT_CONVERSION = YES;
				GCC_WARN_ABOUT_RETURN_TYPE = YES_ERROR;
				GCC_WARN_UNDECLARED_SELECTOR = YES;
				GCC_WARN_UNINITIALIZED_AUTOS = YES_AGGRESSIVE;
				GCC_WARN_UNUSED_FUNCTION = YES;
				GCC_WARN_UNUSED_VARIABLE = YES;
				IPHONEOS_DEPLOYMENT_TARGET = 16.2;
				MTL_ENABLE_DEBUG_INFO = INCLUDE_SOURCE;
				MTL_FAST_MATH = YES;
				ONLY_ACTIVE_ARCH = YES;
				SDKROOT = iphoneos;
				SWIFT_ACTIVE_COMPILATION_CONDITIONS = DEBUG;
				SWIFT_OPTIMIZATION_LEVEL = "-Onone";
			};
			name = Debug;
		};
		AC9F116929CF5023000B26CD /* Release */ = {
			isa = XCBuildConfiguration;
			buildSettings = {
				ALWAYS_SEARCH_USER_PATHS = NO;
				CLANG_ANALYZER_NONNULL = YES;
				CLANG_ANALYZER_NUMBER_OBJECT_CONVERSION = YES_AGGRESSIVE;
				CLANG_CXX_LANGUAGE_STANDARD = "gnu++20";
				CLANG_ENABLE_MODULES = YES;
				CLANG_ENABLE_OBJC_ARC = YES;
				CLANG_ENABLE_OBJC_WEAK = YES;
				CLANG_WARN_BLOCK_CAPTURE_AUTORELEASING = YES;
				CLANG_WARN_BOOL_CONVERSION = YES;
				CLANG_WARN_COMMA = YES;
				CLANG_WARN_CONSTANT_CONVERSION = YES;
				CLANG_WARN_DEPRECATED_OBJC_IMPLEMENTATIONS = YES;
				CLANG_WARN_DIRECT_OBJC_ISA_USAGE = YES_ERROR;
				CLANG_WARN_DOCUMENTATION_COMMENTS = YES;
				CLANG_WARN_EMPTY_BODY = YES;
				CLANG_WARN_ENUM_CONVERSION = YES;
				CLANG_WARN_INFINITE_RECURSION = YES;
				CLANG_WARN_INT_CONVERSION = YES;
				CLANG_WARN_NON_LITERAL_NULL_CONVERSION = YES;
				CLANG_WARN_OBJC_IMPLICIT_RETAIN_SELF = YES;
				CLANG_WARN_OBJC_LITERAL_CONVERSION = YES;
				CLANG_WARN_OBJC_ROOT_CLASS = YES_ERROR;
				CLANG_WARN_QUOTED_INCLUDE_IN_FRAMEWORK_HEADER = YES;
				CLANG_WARN_RANGE_LOOP_ANALYSIS = YES;
				CLANG_WARN_STRICT_PROTOTYPES = YES;
				CLANG_WARN_SUSPICIOUS_MOVE = YES;
				CLANG_WARN_UNGUARDED_AVAILABILITY = YES_AGGRESSIVE;
				CLANG_WARN_UNREACHABLE_CODE = YES;
				CLANG_WARN__DUPLICATE_METHOD_MATCH = YES;
				COPY_PHASE_STRIP = NO;
				DEBUG_INFORMATION_FORMAT = "dwarf-with-dsym";
				ENABLE_NS_ASSERTIONS = NO;
				ENABLE_STRICT_OBJC_MSGSEND = YES;
				GCC_C_LANGUAGE_STANDARD = gnu11;
				GCC_NO_COMMON_BLOCKS = YES;
				GCC_WARN_64_TO_32_BIT_CONVERSION = YES;
				GCC_WARN_ABOUT_RETURN_TYPE = YES_ERROR;
				GCC_WARN_UNDECLARED_SELECTOR = YES;
				GCC_WARN_UNINITIALIZED_AUTOS = YES_AGGRESSIVE;
				GCC_WARN_UNUSED_FUNCTION = YES;
				GCC_WARN_UNUSED_VARIABLE = YES;
				IPHONEOS_DEPLOYMENT_TARGET = 16.2;
				MTL_ENABLE_DEBUG_INFO = NO;
				MTL_FAST_MATH = YES;
				SDKROOT = iphoneos;
				SWIFT_COMPILATION_MODE = wholemodule;
				SWIFT_OPTIMIZATION_LEVEL = "-O";
				VALIDATE_PRODUCT = YES;
			};
			name = Release;
		};
		AC9F116B29CF5023000B26CD /* Debug */ = {
			isa = XCBuildConfiguration;
			buildSettings = {
				ASSETCATALOG_COMPILER_APPICON_NAME = AppIcon;
				ASSETCATALOG_COMPILER_GLOBAL_ACCENT_COLOR_NAME = AccentColor;
				CODE_SIGN_STYLE = Automatic;
				CURRENT_PROJECT_VERSION = 1;
				DEVELOPMENT_TEAM = 8N7YRTC92N;
				GENERATE_INFOPLIST_FILE = YES;
				INFOPLIST_FILE = Today/Info.plist;
				INFOPLIST_KEY_UIApplicationSupportsIndirectInputEvents = YES;
				INFOPLIST_KEY_UILaunchStoryboardName = LaunchScreen;
				INFOPLIST_KEY_UIMainStoryboardFile = Main;
				INFOPLIST_KEY_UISupportedInterfaceOrientations_iPad = "UIInterfaceOrientationPortrait UIInterfaceOrientationPortraitUpsideDown UIInterfaceOrientationLandscapeLeft UIInterfaceOrientationLandscapeRight";
				INFOPLIST_KEY_UISupportedInterfaceOrientations_iPhone = "UIInterfaceOrientationPortrait UIInterfaceOrientationLandscapeLeft UIInterfaceOrientationLandscapeRight";
				LD_RUNPATH_SEARCH_PATHS = (
					"$(inherited)",
					"@executable_path/Frameworks",
				);
				MARKETING_VERSION = 1.0;
				PRODUCT_BUNDLE_IDENTIFIER = "dae-bong-ski.Today";
				PRODUCT_NAME = "$(TARGET_NAME)";
				SWIFT_EMIT_LOC_STRINGS = YES;
				SWIFT_VERSION = 5.0;
				TARGETED_DEVICE_FAMILY = "1,2";
			};
			name = Debug;
		};
		AC9F116C29CF5023000B26CD /* Release */ = {
			isa = XCBuildConfiguration;
			buildSettings = {
				ASSETCATALOG_COMPILER_APPICON_NAME = AppIcon;
				ASSETCATALOG_COMPILER_GLOBAL_ACCENT_COLOR_NAME = AccentColor;
				CODE_SIGN_STYLE = Automatic;
				CURRENT_PROJECT_VERSION = 1;
				DEVELOPMENT_TEAM = 8N7YRTC92N;
				GENERATE_INFOPLIST_FILE = YES;
				INFOPLIST_FILE = Today/Info.plist;
				INFOPLIST_KEY_UIApplicationSupportsIndirectInputEvents = YES;
				INFOPLIST_KEY_UILaunchStoryboardName = LaunchScreen;
				INFOPLIST_KEY_UIMainStoryboardFile = Main;
				INFOPLIST_KEY_UISupportedInterfaceOrientations_iPad = "UIInterfaceOrientationPortrait UIInterfaceOrientationPortraitUpsideDown UIInterfaceOrientationLandscapeLeft UIInterfaceOrientationLandscapeRight";
				INFOPLIST_KEY_UISupportedInterfaceOrientations_iPhone = "UIInterfaceOrientationPortrait UIInterfaceOrientationLandscapeLeft UIInterfaceOrientationLandscapeRight";
				LD_RUNPATH_SEARCH_PATHS = (
					"$(inherited)",
					"@executable_path/Frameworks",
				);
				MARKETING_VERSION = 1.0;
				PRODUCT_BUNDLE_IDENTIFIER = "dae-bong-ski.Today";
				PRODUCT_NAME = "$(TARGET_NAME)";
				SWIFT_EMIT_LOC_STRINGS = YES;
				SWIFT_VERSION = 5.0;
				TARGETED_DEVICE_FAMILY = "1,2";
			};
			name = Release;
		};
/* End XCBuildConfiguration section */

/* Begin XCConfigurationList section */
		AC9F115129CF5021000B26CD /* Build configuration list for PBXProject "Today" */ = {
			isa = XCConfigurationList;
			buildConfigurations = (
				AC9F116829CF5023000B26CD /* Debug */,
				AC9F116929CF5023000B26CD /* Release */,
			);
			defaultConfigurationIsVisible = 0;
			defaultConfigurationName = Release;
		};
		AC9F116A29CF5023000B26CD /* Build configuration list for PBXNativeTarget "Today" */ = {
			isa = XCConfigurationList;
			buildConfigurations = (
				AC9F116B29CF5023000B26CD /* Debug */,
				AC9F116C29CF5023000B26CD /* Release */,
			);
			defaultConfigurationIsVisible = 0;
			defaultConfigurationName = Release;
		};
/* End XCConfigurationList section */
	};
	rootObject = AC9F114E29CF5021000B26CD /* Project object */;
}
